<?xml version="1.0" encoding="utf-8"?>
<Project ToolsVersion="16.0" xmlns="http://schemas.microsoft.com/developer/msbuild/2003">
  <ItemGroup>
    <ClCompile Include="E:\Study\cmk\src\5.advanced_lighting\8.2.deferred_shading_volumes\deferred_shading_volumes.cpp">
      <Filter>Source Files</Filter>
    </ClCompile>
  </ItemGroup>
  <ItemGroup>
    <CustomBuild Include="E:\Study\cmk\CMakeLists.txt" />
  </ItemGroup>
  <ItemGroup>
    <None Include="E:\Study\cmk\src\5.advanced_lighting\8.2.deferred_shading_volumes\8.2.deferred_light_box.fs" />
    <None Include="E:\Study\cmk\src\5.advanced_lighting\8.2.deferred_shading_volumes\8.2.deferred_light_box.vs" />
    <None Include="E:\Study\cmk\src\5.advanced_lighting\8.2.deferred_shading_volumes\8.2.deferred_shading.fs" />
    <None Include="E:\Study\cmk\src\5.advanced_lighting\8.2.deferred_shading_volumes\8.2.deferred_shading.vs" />
    <None Include="E:\Study\cmk\src\5.advanced_lighting\8.2.deferred_shading_volumes\8.2.g_buffer.fs" />
    <None Include="E:\Study\cmk\src\5.advanced_lighting\8.2.deferred_shading_volumes\8.2.g_buffer.vs" />
  </ItemGroup>
  <ItemGroup>
    <Filter Include="Source Files">
      <UniqueIdentifier>{291F333A-32C0-3013-8389-1DB7E917F998}</UniqueIdentifier>
    </Filter>
  </ItemGroup>
</Project>
