<?xml version="1.0" encoding="utf-8"?>
<Project ToolsVersion="16.0" xmlns="http://schemas.microsoft.com/developer/msbuild/2003">
  <ItemGroup>
    <ClCompile Include="E:\Study\cmk\src\7.in_practice\2.text_rendering\text_rendering.cpp">
      <Filter>Source Files</Filter>
    </ClCompile>
  </ItemGroup>
  <ItemGroup>
    <CustomBuild Include="E:\Study\cmk\CMakeLists.txt" />
  </ItemGroup>
  <ItemGroup>
    <None Include="E:\Study\cmk\src\7.in_practice\2.text_rendering\text.fs" />
    <None Include="E:\Study\cmk\src\7.in_practice\2.text_rendering\text.vs" />
  </ItemGroup>
  <ItemGroup>
    <Filter Include="Source Files">
      <UniqueIdentifier>{291F333A-32C0-3013-8389-1DB7E917F998}</UniqueIdentifier>
    </Filter>
  </ItemGroup>
</Project>
