<?xml version="1.0" encoding="utf-8"?>
<Project ToolsVersion="16.0" xmlns="http://schemas.microsoft.com/developer/msbuild/2003">
  <ItemGroup>
    <ClCompile Include="E:\Study\cmk\src\8.guest\2022\6.physically_based_bloom\physically_based_bloom.cpp">
      <Filter>Source Files</Filter>
    </ClCompile>
  </ItemGroup>
  <ItemGroup>
    <CustomBuild Include="E:\Study\cmk\CMakeLists.txt" />
  </ItemGroup>
  <ItemGroup>
    <None Include="E:\Study\cmk\src\8.guest\2022\6.physically_based_bloom\6.bloom.fs" />
    <None Include="E:\Study\cmk\src\8.guest\2022\6.physically_based_bloom\6.bloom.vs" />
    <None Include="E:\Study\cmk\src\8.guest\2022\6.physically_based_bloom\6.bloom_final.fs" />
    <None Include="E:\Study\cmk\src\8.guest\2022\6.physically_based_bloom\6.bloom_final.vs" />
    <None Include="E:\Study\cmk\src\8.guest\2022\6.physically_based_bloom\6.light_box.fs" />
    <None Include="E:\Study\cmk\src\8.guest\2022\6.physically_based_bloom\6.new_downsample.fs" />
    <None Include="E:\Study\cmk\src\8.guest\2022\6.physically_based_bloom\6.new_downsample.vs" />
    <None Include="E:\Study\cmk\src\8.guest\2022\6.physically_based_bloom\6.new_upsample.fs" />
    <None Include="E:\Study\cmk\src\8.guest\2022\6.physically_based_bloom\6.new_upsample.vs" />
    <None Include="E:\Study\cmk\src\8.guest\2022\6.physically_based_bloom\6.old_blur.fs" />
    <None Include="E:\Study\cmk\src\8.guest\2022\6.physically_based_bloom\6.old_blur.vs" />
  </ItemGroup>
  <ItemGroup>
    <Filter Include="Source Files">
      <UniqueIdentifier>{291F333A-32C0-3013-8389-1DB7E917F998}</UniqueIdentifier>
    </Filter>
  </ItemGroup>
</Project>
